{
  "name": "fr.romaindavaze.devfestconferences",
  "version": "1.0.0",
  "lockfileVersion": 1,
  "requires": true,
  "dependencies": {
    "android-versions": {
      "version": "1.2.1",
      "resolved": "https://registry.npmjs.org/android-versions/-/android-versions-1.2.1.tgz",
      "integrity": "sha512-k6zlrtWbJ3tx1ZsyyJ0Bo3r6cqPA3JUnFGv7pnIaLr1XVxSi2Tcem2lg3kBebFp27v/A40tZqdlouPyakpyKrw=="
    },
    "babel-eslint": {
      "version": "8.0.1",
      "resolved": "https://registry.npmjs.org/babel-eslint/-/babel-eslint-8.0.1.tgz",
      "integrity": "sha512-h3moF6PCTQE06UjMMG+ydZSBvZ4Q7rqPE/5WAUOvUyHYUTqxm8JVhjZRiG1avI/tGVOK4BnZLDQapyLzh8DeKg==",
      "dev": true,
      "requires": {
        "babel-code-frame": "7.0.0-beta.0",
        "babel-traverse": "7.0.0-beta.0",
        "babel-types": "7.0.0-beta.0",
        "babylon": "7.0.0-beta.22"
      },
      "dependencies": {
        "ansi-styles": {
          "version": "3.2.0",
          "resolved": "https://registry.npmjs.org/ansi-styles/-/ansi-styles-3.2.0.tgz",
          "integrity": "sha512-NnSOmMEYtVR2JVMIGTzynRkkaxtiq1xnFBcdQD/DnNCYPoEPsVJhM98BDyaoNOQIi7p4okdi3E27eN7GQbsUug==",
          "dev": true,
          "requires": {
            "color-convert": "1.9.0"
          }
        },
        "babel-code-frame": {
          "version": "7.0.0-beta.0",
          "resolved": "https://registry.npmjs.org/babel-code-frame/-/babel-code-frame-7.0.0-beta.0.tgz",
          "integrity": "sha512-/xr1ADm5bnTjjN+xwoXb7lF4v2rnxMzNZzFU7h8SxB+qB6+IqSTOOqVcpaPTUC2Non/MbQxS3OIZnJpQ2X21aQ==",
          "dev": true,
          "requires": {
            "chalk": "2.3.0",
            "esutils": "2.0.2",
            "js-tokens": "3.0.2"
          }
        },
        "chalk": {
          "version": "2.3.0",
          "resolved": "https://registry.npmjs.org/chalk/-/chalk-2.3.0.tgz",
          "integrity": "sha512-Az5zJR2CBujap2rqXGaJKaPHyJ0IrUimvYNX+ncCy8PJP4ltOGTrHUIo097ZaL2zMeKYpiCdqDvS6zdrTFok3Q==",
          "dev": true,
          "requires": {
            "ansi-styles": "3.2.0",
            "escape-string-regexp": "1.0.5",
            "supports-color": "4.5.0"
          }
        },
        "supports-color": {
          "version": "4.5.0",
          "resolved": "https://registry.npmjs.org/supports-color/-/supports-color-4.5.0.tgz",
          "integrity": "sha1-vnoN5ITexcXN34s9WRJQRJEvY1s=",
          "dev": true,
          "requires": {
            "has-flag": "2.0.0"
          }
        }
      }
    },
    "babel-helper-function-name": {
      "version": "7.0.0-beta.0",
      "resolved": "https://registry.npmjs.org/babel-helper-function-name/-/babel-helper-function-name-7.0.0-beta.0.tgz",
      "integrity": "sha512-DaQccFBBWBEzMdqbKmNXamY0m1yLHJGOdbbEsNoGdJrrU7wAF3wwowtDDPzF0ZT3SqJXPgZW/P2kgBX9moMuAA==",
      "dev": true,
      "requires": {
        "babel-helper-get-function-arity": "7.0.0-beta.0",
        "babel-template": "7.0.0-beta.0",
        "babel-traverse": "7.0.0-beta.0",
        "babel-types": "7.0.0-beta.0"
      }
    },
    "babel-helper-get-function-arity": {
      "version": "7.0.0-beta.0",
      "resolved": "https://registry.npmjs.org/babel-helper-get-function-arity/-/babel-helper-get-function-arity-7.0.0-beta.0.tgz",
      "integrity": "sha512-csqAic15/2Vm1951nJxkkL9K8E6ojyNF/eAOjk7pqJlO8kvgrccGNFCV9eDwcGHDPe5AjvJGwVSAcQ5fit9wuA==",
      "dev": true,
      "requires": {
        "babel-types": "7.0.0-beta.0"
      }
    },
    "babel-messages": {
      "version": "7.0.0-beta.0",
      "resolved": "https://registry.npmjs.org/babel-messages/-/babel-messages-7.0.0-beta.0.tgz",
      "integrity": "sha512-eXdShsm9ZTh9AQhlIaAn6HR3xWpxCnK9ZwIDA9QyjnwTgMctGxHHflw4b4RJ3/ZjTL0Vrmvm0tQXPkp49mTAUw==",
      "dev": true
    },
    "babel-template": {
      "version": "7.0.0-beta.0",
      "resolved": "https://registry.npmjs.org/babel-template/-/babel-template-7.0.0-beta.0.tgz",
      "integrity": "sha512-tmdH+MmmU0F6Ur8humpevSmFzYKbrN3Oru0g5Qyg4R6+sxjnzZmnvzUbsP0aKMr7tB0Ua6xhEb9arKTOsEMkyA==",
      "dev": true,
      "requires": {
        "babel-traverse": "7.0.0-beta.0",
        "babel-types": "7.0.0-beta.0",
        "babylon": "7.0.0-beta.22",
        "lodash": "4.17.4"
      }
    },
    "babel-traverse": {
      "version": "7.0.0-beta.0",
      "resolved": "https://registry.npmjs.org/babel-traverse/-/babel-traverse-7.0.0-beta.0.tgz",
      "integrity": "sha512-IKzuTqUcQtMRZ0Vv5RjIrGGj33eBKmNTNeRexWSyjPPuAciyNkva1rt7WXPfHfkb+dX7coRAIUhzeTUEzhnwdA==",
      "dev": true,
      "requires": {
        "babel-code-frame": "7.0.0-beta.0",
        "babel-helper-function-name": "7.0.0-beta.0",
        "babel-messages": "7.0.0-beta.0",
        "babel-types": "7.0.0-beta.0",
        "babylon": "7.0.0-beta.22",
        "debug": "3.1.0",
        "globals": "10.1.0",
        "invariant": "2.2.2",
        "lodash": "4.17.4"
      },
      "dependencies": {
        "ansi-styles": {
          "version": "3.2.0",
          "resolved": "https://registry.npmjs.org/ansi-styles/-/ansi-styles-3.2.0.tgz",
          "integrity": "sha512-NnSOmMEYtVR2JVMIGTzynRkkaxtiq1xnFBcdQD/DnNCYPoEPsVJhM98BDyaoNOQIi7p4okdi3E27eN7GQbsUug==",
          "dev": true,
          "requires": {
            "color-convert": "1.9.0"
          }
        },
        "babel-code-frame": {
          "version": "7.0.0-beta.0",
          "resolved": "https://registry.npmjs.org/babel-code-frame/-/babel-code-frame-7.0.0-beta.0.tgz",
          "integrity": "sha512-/xr1ADm5bnTjjN+xwoXb7lF4v2rnxMzNZzFU7h8SxB+qB6+IqSTOOqVcpaPTUC2Non/MbQxS3OIZnJpQ2X21aQ==",
          "dev": true,
          "requires": {
            "chalk": "2.3.0",
            "esutils": "2.0.2",
            "js-tokens": "3.0.2"
          }
        },
        "chalk": {
          "version": "2.3.0",
          "resolved": "https://registry.npmjs.org/chalk/-/chalk-2.3.0.tgz",
          "integrity": "sha512-Az5zJR2CBujap2rqXGaJKaPHyJ0IrUimvYNX+ncCy8PJP4ltOGTrHUIo097ZaL2zMeKYpiCdqDvS6zdrTFok3Q==",
          "dev": true,
          "requires": {
            "ansi-styles": "3.2.0",
            "escape-string-regexp": "1.0.5",
            "supports-color": "4.5.0"
          }
        },
        "globals": {
          "version": "10.1.0",
          "resolved": "https://registry.npmjs.org/globals/-/globals-10.1.0.tgz",
          "integrity": "sha1-RCWhiBvg0za0qCOoKnvnJdXdmHw=",
          "dev": true
        },
        "supports-color": {
          "version": "4.5.0",
          "resolved": "https://registry.npmjs.org/supports-color/-/supports-color-4.5.0.tgz",
          "integrity": "sha1-vnoN5ITexcXN34s9WRJQRJEvY1s=",
          "dev": true,
          "requires": {
            "has-flag": "2.0.0"
          }
        }
      }
    },
    "babel-types": {
      "version": "7.0.0-beta.0",
      "resolved": "https://registry.npmjs.org/babel-types/-/babel-types-7.0.0-beta.0.tgz",
      "integrity": "sha512-rJc2kV9iPJGLlqIY71AM3nPcdkoeLRCDuR07GFgfd3lFl4TsBQq76TxYQQIZ2MONg1HpsqmuoCXr9aZ1Oa4wYw==",
      "dev": true,
      "requires": {
        "esutils": "2.0.2",
        "lodash": "4.17.4",
        "to-fast-properties": "2.0.0"
      }
    },
    "babylon": {
      "version": "7.0.0-beta.22",
      "resolved": "https://registry.npmjs.org/babylon/-/babylon-7.0.0-beta.22.tgz",
      "integrity": "sha512-Yl7iT8QGrS8OfR7p6R12AJexQm+brKwrryai4VWZ7NHUbPoZ5al3+klhvl/14shXZiLa7uK//OIFuZ1/RKHgoA==",
      "dev": true
    },
    "color-convert": {
      "version": "1.9.0",
      "resolved": "https://registry.npmjs.org/color-convert/-/color-convert-1.9.0.tgz",
      "integrity": "sha1-Gsz5fdc5uYO/mU1W/sj5WFNkG3o=",
      "dev": true,
      "requires": {
        "color-name": "1.1.3"
      }
    },
    "color-name": {
      "version": "1.1.3",
      "resolved": "https://registry.npmjs.org/color-name/-/color-name-1.1.3.tgz",
      "integrity": "sha1-p9BVi9icQveV3UIyj3QIMcpTvCU=",
      "dev": true
    },
    "cordova-android": {
      "version": "6.3.0",
      "resolved": "https://registry.npmjs.org/cordova-android/-/cordova-android-6.3.0.tgz",
      "integrity": "sha1-2lQYQz0lx1pZd7QoJEu+Q30BKNI=",
      "requires": {
        "android-versions": "1.2.1",
        "cordova-common": "2.1.0",
        "elementtree": "0.1.6",
        "nopt": "3.0.6",
        "properties-parser": "0.2.3",
        "q": "1.5.0",
        "shelljs": "0.5.3"
      },
      "dependencies": {
        "abbrev": {
          "version": "1.1.0",
          "bundled": true
        },
        "ansi": {
          "version": "0.3.1",
          "bundled": true
        },
        "balanced-match": {
          "version": "1.0.0",
          "bundled": true
        },
        "base64-js": {
          "version": "0.0.8",
          "bundled": true
        },
        "big-integer": {
          "version": "1.6.25",
          "bundled": true
        },
        "bplist-parser": {
          "version": "0.1.1",
          "bundled": true,
          "requires": {
            "big-integer": "1.6.25"
          }
        },
        "brace-expansion": {
          "version": "1.1.8",
          "bundled": true,
          "requires": {
            "balanced-match": "1.0.0",
            "concat-map": "0.0.1"
          }
        },
        "concat-map": {
          "version": "0.0.1",
          "bundled": true
        },
        "cordova-common": {
          "version": "2.1.0",
          "bundled": true,
          "requires": {
            "ansi": "0.3.1",
            "bplist-parser": "0.1.1",
            "cordova-registry-mapper": "1.1.15",
            "elementtree": "0.1.6",
            "glob": "5.0.15",
            "minimatch": "3.0.4",
            "osenv": "0.1.4",
            "plist": "1.2.0",
            "q": "1.5.0",
            "semver": "5.4.1",
            "shelljs": "0.5.3",
            "underscore": "1.8.3",
            "unorm": "1.4.1"
          }
        },
        "cordova-registry-mapper": {
          "version": "1.1.15",
          "bundled": true
        },
        "elementtree": {
          "version": "0.1.6",
          "bundled": true,
          "requires": {
            "sax": "0.3.5"
          }
        },
        "glob": {
          "version": "5.0.15",
          "bundled": true,
          "requires": {
            "inflight": "1.0.6",
            "inherits": "2.0.3",
            "minimatch": "3.0.4",
            "once": "1.4.0",
            "path-is-absolute": "1.0.1"
          }
        },
        "inflight": {
          "version": "1.0.6",
          "bundled": true,
          "requires": {
            "once": "1.4.0",
            "wrappy": "1.0.2"
          }
        },
        "inherits": {
          "version": "2.0.3",
          "bundled": true
        },
        "lodash": {
          "version": "3.10.1",
          "bundled": true
        },
        "minimatch": {
          "version": "3.0.4",
          "bundled": true,
          "requires": {
            "brace-expansion": "1.1.8"
          }
        },
        "nopt": {
          "version": "3.0.6",
          "bundled": true,
          "requires": {
            "abbrev": "1.1.0"
          }
        },
        "once": {
          "version": "1.4.0",
          "bundled": true,
          "requires": {
            "wrappy": "1.0.2"
          }
        },
        "os-homedir": {
          "version": "1.0.2",
          "bundled": true
        },
        "os-tmpdir": {
          "version": "1.0.2",
          "bundled": true
        },
        "osenv": {
          "version": "0.1.4",
          "bundled": true,
          "requires": {
            "os-homedir": "1.0.2",
            "os-tmpdir": "1.0.2"
          }
        },
        "path-is-absolute": {
          "version": "1.0.1",
          "bundled": true
        },
        "plist": {
          "version": "1.2.0",
          "bundled": true,
          "requires": {
            "base64-js": "0.0.8",
            "util-deprecate": "1.0.2",
            "xmlbuilder": "4.0.0",
            "xmldom": "0.1.27"
          }
        },
        "properties-parser": {
          "version": "0.2.3",
          "bundled": true
        },
        "q": {
          "version": "1.5.0",
          "bundled": true
        },
        "sax": {
          "version": "0.3.5",
          "bundled": true
        },
        "semver": {
          "version": "5.4.1",
          "bundled": true
        },
        "shelljs": {
          "version": "0.5.3",
          "bundled": true
        },
        "underscore": {
          "version": "1.8.3",
          "bundled": true
        },
        "unorm": {
          "version": "1.4.1",
          "bundled": true
        },
        "util-deprecate": {
          "version": "1.0.2",
          "bundled": true
        },
        "wrappy": {
          "version": "1.0.2",
          "bundled": true
        },
        "xmlbuilder": {
          "version": "4.0.0",
          "bundled": true,
          "requires": {
            "lodash": "3.10.1"
          }
        },
        "xmldom": {
          "version": "0.1.27",
          "bundled": true
        }
      }
    },
    "cordova-plugin-actionsheet": {
      "version": "2.3.3",
      "resolved": "https://registry.npmjs.org/cordova-plugin-actionsheet/-/cordova-plugin-actionsheet-2.3.3.tgz",
      "integrity": "sha1-6SYbLQBKjaQHOI1g31NMFWxS/xE="
    },
    "cordova-plugin-camera": {
      "version": "2.4.1",
      "resolved": "https://registry.npmjs.org/cordova-plugin-camera/-/cordova-plugin-camera-2.4.1.tgz",
      "integrity": "sha1-GV404S22TxxJ52T31OPyYao9lME="
    },
    "cordova-plugin-compat": {
      "version": "1.2.0",
      "resolved": "https://registry.npmjs.org/cordova-plugin-compat/-/cordova-plugin-compat-1.2.0.tgz",
      "integrity": "sha1-C8ZXVyduvZIMASzpIOJ0F3V2Nz4="
    },
    "cordova-plugin-contacts": {
      "version": "2.3.1",
      "resolved": "https://registry.npmjs.org/cordova-plugin-contacts/-/cordova-plugin-contacts-2.3.1.tgz",
      "integrity": "sha1-PRQ2hYVxIK+Jcxupobc9UAeSWdI="
    },
    "cordova-plugin-device": {
      "version": "1.1.6",
      "resolved": "https://registry.npmjs.org/cordova-plugin-device/-/cordova-plugin-device-1.1.6.tgz",
      "integrity": "sha1-LSF2TK18m4AVI+TgmjDgJLJJM0s="
    },
    "cordova-plugin-file": {
      "version": "4.3.3",
      "resolved": "https://registry.npmjs.org/cordova-plugin-file/-/cordova-plugin-file-4.3.3.tgz",
      "integrity": "sha1-AS6Xqhr7kfhJFuY0G1SDZtI96bk="
    },
    "cordova-plugin-filepath": {
      "version": "1.1.0",
      "resolved": "https://registry.npmjs.org/cordova-plugin-filepath/-/cordova-plugin-filepath-1.1.0.tgz",
      "integrity": "sha1-5Bego5W5cSkWzXYtHHzDhAjDoFs="
    },
    "cordova-plugin-media-capture": {
      "version": "1.4.3",
      "resolved": "https://registry.npmjs.org/cordova-plugin-media-capture/-/cordova-plugin-media-capture-1.4.3.tgz",
      "integrity": "sha1-IOO74zT7uJ9iSwIYjqxTcnQ5IPo="
    },
    "cordova-plugin-network-information": {
      "version": "1.3.3",
      "resolved": "https://registry.npmjs.org/cordova-plugin-network-information/-/cordova-plugin-network-information-1.3.3.tgz",
      "integrity": "sha1-DqmqXBEkz3y9b4T4KKVCy9JKhRg="
    },
    "cordova-plugin-whitelist": {
      "version": "1.3.2",
      "resolved": "https://registry.npmjs.org/cordova-plugin-whitelist/-/cordova-plugin-whitelist-1.3.2.tgz",
      "integrity": "sha1-W2M1/rn1MB88ATuQlsuIhb29UHY="
    },
    "cordova-plugin-x-socialsharing": {
      "version": "5.2.1",
      "resolved": "https://registry.npmjs.org/cordova-plugin-x-socialsharing/-/cordova-plugin-x-socialsharing-5.2.1.tgz",
      "integrity": "sha1-28NUuZP5t7FgA5aCLYICtzzFgfM="
    },
    "debug": {
      "version": "3.1.0",
      "resolved": "https://registry.npmjs.org/debug/-/debug-3.1.0.tgz",
      "integrity": "sha512-OX8XqP7/1a9cqkxYw2yXss15f26NKWBpDXQd0/uK/KPqdQhxbPa994hnzjcE2VqQpDslf55723cKPUOGSmMY3g==",
      "dev": true,
      "requires": {
        "ms": "2.0.0"
      }
    },
    "es6-promise-plugin": {
      "version": "4.1.0",
      "resolved": "https://registry.npmjs.org/es6-promise-plugin/-/es6-promise-plugin-4.1.0.tgz",
      "integrity": "sha1-8GEHOZhEUJ6quo7QcHfSiKXKaX4="
    },
    "escape-string-regexp": {
      "version": "1.0.5",
      "resolved": "https://registry.npmjs.org/escape-string-regexp/-/escape-string-regexp-1.0.5.tgz",
      "integrity": "sha1-G2HAViGQqN/2rjuyzwIAyhMLhtQ=",
      "dev": true
    },
    "esutils": {
      "version": "2.0.2",
      "resolved": "https://registry.npmjs.org/esutils/-/esutils-2.0.2.tgz",
      "integrity": "sha1-Cr9PHKpbyx96nYrMbepPqqBLrJs=",
      "dev": true
    },
    "has-flag": {
      "version": "2.0.0",
      "resolved": "https://registry.npmjs.org/has-flag/-/has-flag-2.0.0.tgz",
      "integrity": "sha1-6CB68cx7MNRGzHC3NLXovhj4jVE=",
      "dev": true
    },
    "invariant": {
      "version": "2.2.2",
      "resolved": "https://registry.npmjs.org/invariant/-/invariant-2.2.2.tgz",
      "integrity": "sha1-nh9WrArNtr8wMwbzOL47IErmA2A=",
      "dev": true,
      "requires": {
        "loose-envify": "1.3.1"
      }
    },
    "js-tokens": {
      "version": "3.0.2",
      "resolved": "https://registry.npmjs.org/js-tokens/-/js-tokens-3.0.2.tgz",
      "integrity": "sha1-mGbfOVECEw449/mWvOtlRDIJwls=",
      "dev": true
    },
    "lodash": {
      "version": "4.17.4",
      "resolved": "https://registry.npmjs.org/lodash/-/lodash-4.17.4.tgz",
      "integrity": "sha1-eCA6TRwyiuHYbcpkYONptX9AVa4=",
      "dev": true
    },
    "loose-envify": {
      "version": "1.3.1",
      "resolved": "https://registry.npmjs.org/loose-envify/-/loose-envify-1.3.1.tgz",
      "integrity": "sha1-0aitM/qc4OcT1l/dCsi3SNR4yEg=",
      "dev": true,
      "requires": {
        "js-tokens": "3.0.2"
      }
    },
    "ms": {
      "version": "2.0.0",
      "resolved": "https://registry.npmjs.org/ms/-/ms-2.0.0.tgz",
      "integrity": "sha1-VgiurfwAvmwpAd9fmGF4jeDVl8g=",
      "dev": true
    },
    "to-fast-properties": {
      "version": "2.0.0",
      "resolved": "https://registry.npmjs.org/to-fast-properties/-/to-fast-properties-2.0.0.tgz",
      "integrity": "sha1-3F5pjL0HkmW8c+A3doGk5Og/YW4=",
      "dev": true
    }
  }
}
